
Microsoft Visual Studio Solution File, Format Version 12.00
Project("{FAE04EC0-301F-11D3-BF4B-00C04F79EFBC}") = "ServerStatisticsCollection", "ServerStatisticsCollection\ServerStatisticsCollection.csproj", "{2CBDA7FD-CD0A-473C-8A7B-E5E6283437AB}"
EndProject
Project("{FAE04EC0-301F-11D3-BF4B-00C04F79EFBC}") = "MessageProcessingAndAnomalyDetection", "MessageProcessingAndAnomalyDetection\MessageProcessingAndAnomalyDetection.csproj", "{85EBED3A-1A2A-4621-9F78-FC81F67CB0D3}"
EndProject
Project("{FAE04EC0-301F-11D3-BF4B-00C04F79EFBC}") = "SignalRServer", "SignalRServer\SignalRServer.csproj", "{F4E1D65A-9867-45B6-B1C7-05699F5BCD7D}"
EndProject
Project("{FAE04EC0-301F-11D3-BF4B-00C04F79EFBC}") = "SignalREventConsumer", "SignalREventConsumer\SignalREventConsumer.csproj", "{3B5681A4-54CB-4584-B0A2-629F6E49F040}"
EndProject
Global
	GlobalSection(SolutionConfigurationPlatforms) = preSolution
		Debug|Any CPU = Debug|Any CPU
		Release|Any CPU = Release|Any CPU
	EndGlobalSection
	GlobalSection(ProjectConfigurationPlatforms) = postSolution
		{2CBDA7FD-CD0A-473C-8A7B-E5E6283437AB}.Debug|Any CPU.ActiveCfg = Debug|Any CPU
		{2CBDA7FD-CD0A-473C-8A7B-E5E6283437AB}.Debug|Any CPU.Build.0 = Debug|Any CPU
		{2CBDA7FD-CD0A-473C-8A7B-E5E6283437AB}.Release|Any CPU.ActiveCfg = Release|Any CPU
		{2CBDA7FD-CD0A-473C-8A7B-E5E6283437AB}.Release|Any CPU.Build.0 = Release|Any CPU
		{85EBED3A-1A2A-4621-9F78-FC81F67CB0D3}.Debug|Any CPU.ActiveCfg = Debug|Any CPU
		{85EBED3A-1A2A-4621-9F78-FC81F67CB0D3}.Debug|Any CPU.Build.0 = Debug|Any CPU
		{85EBED3A-1A2A-4621-9F78-FC81F67CB0D3}.Release|Any CPU.ActiveCfg = Release|Any CPU
		{85EBED3A-1A2A-4621-9F78-FC81F67CB0D3}.Release|Any CPU.Build.0 = Release|Any CPU
		{F4E1D65A-9867-45B6-B1C7-05699F5BCD7D}.Debug|Any CPU.ActiveCfg = Debug|Any CPU
		{F4E1D65A-9867-45B6-B1C7-05699F5BCD7D}.Debug|Any CPU.Build.0 = Debug|Any CPU
		{F4E1D65A-9867-45B6-B1C7-05699F5BCD7D}.Release|Any CPU.ActiveCfg = Release|Any CPU
		{F4E1D65A-9867-45B6-B1C7-05699F5BCD7D}.Release|Any CPU.Build.0 = Release|Any CPU
		{3B5681A4-54CB-4584-B0A2-629F6E49F040}.Debug|Any CPU.ActiveCfg = Debug|Any CPU
		{3B5681A4-54CB-4584-B0A2-629F6E49F040}.Debug|Any CPU.Build.0 = Debug|Any CPU
		{3B5681A4-54CB-4584-B0A2-629F6E49F040}.Release|Any CPU.ActiveCfg = Release|Any CPU
		{3B5681A4-54CB-4584-B0A2-629F6E49F040}.Release|Any CPU.Build.0 = Release|Any CPU
	EndGlobalSection
EndGlobal
